
Microsoft Visual Studio Solution File, Format Version 12.00
# Visual Studio 15
Project("{FAE04EC0-301F-11D3-BF4B-00C04F79EFBC}") = "XamNativeProj.Core", "XamNativeProj\XamNativeProj.Core\XamNativeProj.Core.csproj", "{765420F9-49E5-4808-B57A-BFBE838B1B56}"
EndProject
Project("{FAE04EC0-301F-11D3-BF4B-00C04F79EFBC}") = "XamNativeProj.Droid", "XamNativeProj\XamNativeProj.Droid\XamNativeProj.Droid.csproj", "{70B18D97-0AF6-4F3F-A9D5-7CF951A5ADC6}"
EndProject
Project("{FAE04EC0-301F-11D3-BF4B-00C04F79EFBC}") = "XamNativeProj.iOS", "XamNativeProj\XamNativeProj.iOS\XamNativeProj.iOS.csproj", "{3BBDAC98-38F3-460B-9B9A-C61D4DF7B46A}"
EndProject
Global
	GlobalSection(SolutionConfigurationPlatforms) = preSolution
		Debug|Any CPU = Debug|Any CPU
		Release|Any CPU = Release|Any CPU
		Debug|iPhoneSimulator = Debug|iPhoneSimulator
		Release|iPhoneSimulator = Release|iPhoneSimulator
		Debug|iPhone = Debug|iPhone
		Release|iPhone = Release|iPhone
		Ad-Hoc|iPhone = Ad-Hoc|iPhone
		AppStore|iPhone = AppStore|iPhone
	EndGlobalSection
	GlobalSection(ProjectConfigurationPlatforms) = postSolution
		{765420F9-49E5-4808-B57A-BFBE838B1B56}.Debug|Any CPU.ActiveCfg = Debug|Any CPU
		{765420F9-49E5-4808-B57A-BFBE838B1B56}.Debug|Any CPU.Build.0 = Debug|Any CPU
		{765420F9-49E5-4808-B57A-BFBE838B1B56}.Release|Any CPU.ActiveCfg = Release|Any CPU
		{765420F9-49E5-4808-B57A-BFBE838B1B56}.Release|Any CPU.Build.0 = Release|Any CPU
		{765420F9-49E5-4808-B57A-BFBE838B1B56}.Debug|iPhoneSimulator.ActiveCfg = Debug|Any CPU
		{765420F9-49E5-4808-B57A-BFBE838B1B56}.Debug|iPhoneSimulator.Build.0 = Debug|Any CPU
		{765420F9-49E5-4808-B57A-BFBE838B1B56}.Release|iPhoneSimulator.ActiveCfg = Release|Any CPU
		{765420F9-49E5-4808-B57A-BFBE838B1B56}.Release|iPhoneSimulator.Build.0 = Release|Any CPU
		{765420F9-49E5-4808-B57A-BFBE838B1B56}.Debug|iPhone.ActiveCfg = Debug|Any CPU
		{765420F9-49E5-4808-B57A-BFBE838B1B56}.Debug|iPhone.Build.0 = Debug|Any CPU
		{765420F9-49E5-4808-B57A-BFBE838B1B56}.Release|iPhone.ActiveCfg = Release|Any CPU
		{765420F9-49E5-4808-B57A-BFBE838B1B56}.Release|iPhone.Build.0 = Release|Any CPU
		{765420F9-49E5-4808-B57A-BFBE838B1B56}.Ad-Hoc|iPhone.ActiveCfg = Debug|Any CPU
		{765420F9-49E5-4808-B57A-BFBE838B1B56}.Ad-Hoc|iPhone.Build.0 = Debug|Any CPU
		{765420F9-49E5-4808-B57A-BFBE838B1B56}.AppStore|iPhone.ActiveCfg = Debug|Any CPU
		{765420F9-49E5-4808-B57A-BFBE838B1B56}.AppStore|iPhone.Build.0 = Debug|Any CPU
		{70B18D97-0AF6-4F3F-A9D5-7CF951A5ADC6}.Debug|Any CPU.ActiveCfg = Debug|Any CPU
		{70B18D97-0AF6-4F3F-A9D5-7CF951A5ADC6}.Debug|Any CPU.Build.0 = Debug|Any CPU
		{70B18D97-0AF6-4F3F-A9D5-7CF951A5ADC6}.Release|Any CPU.ActiveCfg = Release|Any CPU
		{70B18D97-0AF6-4F3F-A9D5-7CF951A5ADC6}.Release|Any CPU.Build.0 = Release|Any CPU
		{70B18D97-0AF6-4F3F-A9D5-7CF951A5ADC6}.Debug|iPhoneSimulator.ActiveCfg = Debug|Any CPU
		{70B18D97-0AF6-4F3F-A9D5-7CF951A5ADC6}.Debug|iPhoneSimulator.Build.0 = Debug|Any CPU
		{70B18D97-0AF6-4F3F-A9D5-7CF951A5ADC6}.Release|iPhoneSimulator.ActiveCfg = Release|Any CPU
		{70B18D97-0AF6-4F3F-A9D5-7CF951A5ADC6}.Release|iPhoneSimulator.Build.0 = Release|Any CPU
		{70B18D97-0AF6-4F3F-A9D5-7CF951A5ADC6}.Debug|iPhone.ActiveCfg = Debug|Any CPU
		{70B18D97-0AF6-4F3F-A9D5-7CF951A5ADC6}.Debug|iPhone.Build.0 = Debug|Any CPU
		{70B18D97-0AF6-4F3F-A9D5-7CF951A5ADC6}.Release|iPhone.ActiveCfg = Release|Any CPU
		{70B18D97-0AF6-4F3F-A9D5-7CF951A5ADC6}.Release|iPhone.Build.0 = Release|Any CPU
		{70B18D97-0AF6-4F3F-A9D5-7CF951A5ADC6}.Ad-Hoc|iPhone.ActiveCfg = Debug|Any CPU
		{70B18D97-0AF6-4F3F-A9D5-7CF951A5ADC6}.Ad-Hoc|iPhone.Build.0 = Debug|Any CPU
		{70B18D97-0AF6-4F3F-A9D5-7CF951A5ADC6}.AppStore|iPhone.ActiveCfg = Debug|Any CPU
		{70B18D97-0AF6-4F3F-A9D5-7CF951A5ADC6}.AppStore|iPhone.Build.0 = Debug|Any CPU
		{3BBDAC98-38F3-460B-9B9A-C61D4DF7B46A}.Debug|Any CPU.ActiveCfg = Debug|iPhoneSimulator
		{3BBDAC98-38F3-460B-9B9A-C61D4DF7B46A}.Debug|Any CPU.Build.0 = Debug|iPhoneSimulator
		{3BBDAC98-38F3-460B-9B9A-C61D4DF7B46A}.Release|Any CPU.ActiveCfg = Release|iPhoneSimulator
		{3BBDAC98-38F3-460B-9B9A-C61D4DF7B46A}.Release|Any CPU.Build.0 = Release|iPhoneSimulator
		{3BBDAC98-38F3-460B-9B9A-C61D4DF7B46A}.Debug|iPhoneSimulator.ActiveCfg = Debug|iPhoneSimulator
		{3BBDAC98-38F3-460B-9B9A-C61D4DF7B46A}.Debug|iPhoneSimulator.Build.0 = Debug|iPhoneSimulator
		{3BBDAC98-38F3-460B-9B9A-C61D4DF7B46A}.Release|iPhoneSimulator.ActiveCfg = Release|iPhoneSimulator
		{3BBDAC98-38F3-460B-9B9A-C61D4DF7B46A}.Release|iPhoneSimulator.Build.0 = Release|iPhoneSimulator
		{3BBDAC98-38F3-460B-9B9A-C61D4DF7B46A}.Debug|iPhone.ActiveCfg = Debug|iPhone
		{3BBDAC98-38F3-460B-9B9A-C61D4DF7B46A}.Debug|iPhone.Build.0 = Debug|iPhone
		{3BBDAC98-38F3-460B-9B9A-C61D4DF7B46A}.Release|iPhone.ActiveCfg = Release|iPhone
		{3BBDAC98-38F3-460B-9B9A-C61D4DF7B46A}.Release|iPhone.Build.0 = Release|iPhone
		{3BBDAC98-38F3-460B-9B9A-C61D4DF7B46A}.Ad-Hoc|iPhone.ActiveCfg = Ad-Hoc|iPhone
		{3BBDAC98-38F3-460B-9B9A-C61D4DF7B46A}.Ad-Hoc|iPhone.Build.0 = Ad-Hoc|iPhone
		{3BBDAC98-38F3-460B-9B9A-C61D4DF7B46A}.AppStore|iPhone.ActiveCfg = AppStore|iPhone
		{3BBDAC98-38F3-460B-9B9A-C61D4DF7B46A}.AppStore|iPhone.Build.0 = AppStore|iPhone
	EndGlobalSection
EndGlobal
